# This file was autogenerated by Stack.
# You should not edit this file by hand.
# For more information, please see the documentation at:
#   https://docs.haskellstack.org/en/stable/lock_files

packages:
- completed:
    hackage: gcodehs-0.1.2.0@sha256:0cc00e6e68cfdbfcff05262ee95bfc594ae6a402d9729881230a62fb34f3e607,3273
    pantry-tree:
      size: 1837
      sha256: 8a4cfbc3210179809f951d6bbf708ccd53f3e3594127f2985643aa38e9652870
  original:
    hackage: gcodehs-0.1.2.0@sha256:0cc00e6e68cfdbfcff05262ee95bfc594ae6a402d9729881230a62fb34f3e607,3273
snapshots:
- completed:
    size: 619173
    url: https://raw.githubusercontent.com/commercialhaskell/stackage-snapshots/master/lts/19/20.yaml
    sha256: be747117bed6d462806c883352c3206325b23480825103f5c87884e97e52819a
  original: lts-19.20
